Microsoft Visual Studio Solution File, Format Version 12.00
# Visual Studio Version 17
VisualStudioVersion = 17.5.2.0
MinimumVisualStudioVersion = 10.0.40219.1
Project("{FAE04EC0-301F-11D3-BF4B-00C04F79EFBC}") = "ArribaEats", "ArribaEats.csproj", "{E6963B24-A8EB-F555-6C47-98F5E5694896}"
EndProject
Project("{FAE04EC0-301F-11D3-BF4B-00C04F79EFBC}") = "ArribaEats.Tests", "ArribaEats.Tests\ArribaEats.Tests.csproj", "{C160F08E-6067-4E93-BE88-DD2E3F2B45E8}"
EndProject
Global
	GlobalSection(SolutionConfigurationPlatforms) = preSolution
		Debug|Any CPU = Debug|Any CPU
		Release|Any CPU = Release|Any CPU
	EndGlobalSection
	GlobalSection(ProjectConfigurationPlatforms) = postSolution
		{E6963B24-A8EB-F555-6C47-98F5E5694896}.Debug|Any CPU.ActiveCfg = Debug|Any CPU
		{E6963B24-A8EB-F555-6C47-98F5E5694896}.Debug|Any CPU.Build.0 = Debug|Any CPU
		{E6963B24-A8EB-F555-6C47-98F5E5694896}.Release|Any CPU.ActiveCfg = Release|Any CPU
		{E6963B24-A8EB-F555-6C47-98F5E5694896}.Release|Any CPU.Build.0 = Release|Any CPU
		{C160F08E-6067-4E93-BE88-DD2E3F2B45E8}.Debug|Any CPU.ActiveCfg = Debug|Any CPU
		{C160F08E-6067-4E93-BE88-DD2E3F2B45E8}.Debug|Any CPU.Build.0 = Debug|Any CPU
		{C160F08E-6067-4E93-BE88-DD2E3F2B45E8}.Release|Any CPU.ActiveCfg = Release|Any CPU
		{C160F08E-6067-4E93-BE88-DD2E3F2B45E8}.Release|Any CPU.Build.0 = Release|Any CPU
	EndGlobalSection
	GlobalSection(SolutionProperties) = preSolution
		HideSolutionNode = FALSE
	EndGlobalSection
	GlobalSection(ExtensibilityGlobals) = postSolution
		SolutionGuid = {119BC92D-60A7-496E-9034-27F085EDCCB0}
	EndGlobalSection
EndGlobal
